
Microsoft Visual Studio Solution File, Format Version 12.00
# Visual Studio Version 16
VisualStudioVersion = 16.0.30413.136
MinimumVisualStudioVersion = 10.0.40219.1
Project("{FAE04EC0-301F-11D3-BF4B-00C04F79EFBC}") = "TestCADRegion", "TestCADRegion\TestCADRegion.csproj", "{1F72436F-FE67-4170-9BB2-2EDCEABB44C2}"
EndProject
Project("{FAE04EC0-301F-11D3-BF4B-00C04F79EFBC}") = "AcDotNetTool", "AcDotNetTool\AcDotNetTool.csproj", "{02C11163-BD87-4411-87F2-11F455425DD4}"
EndProject
Global
	GlobalSection(SolutionConfigurationPlatforms) = preSolution
		Debug|Any CPU = Debug|Any CPU
		Release|Any CPU = Release|Any CPU
	EndGlobalSection
	GlobalSection(ProjectConfigurationPlatforms) = postSolution
		{1F72436F-FE67-4170-9BB2-2EDCEABB44C2}.Debug|Any CPU.ActiveCfg = Debug|Any CPU
		{1F72436F-FE67-4170-9BB2-2EDCEABB44C2}.Debug|Any CPU.Build.0 = Debug|Any CPU
		{1F72436F-FE67-4170-9BB2-2EDCEABB44C2}.Release|Any CPU.ActiveCfg = Release|Any CPU
		{1F72436F-FE67-4170-9BB2-2EDCEABB44C2}.Release|Any CPU.Build.0 = Release|Any CPU
		{02C11163-BD87-4411-87F2-11F455425DD4}.Debug|Any CPU.ActiveCfg = Debug|Any CPU
		{02C11163-BD87-4411-87F2-11F455425DD4}.Debug|Any CPU.Build.0 = Debug|Any CPU
		{02C11163-BD87-4411-87F2-11F455425DD4}.Release|Any CPU.ActiveCfg = Release|Any CPU
		{02C11163-BD87-4411-87F2-11F455425DD4}.Release|Any CPU.Build.0 = Release|Any CPU
	EndGlobalSection
	GlobalSection(SolutionProperties) = preSolution
		HideSolutionNode = FALSE
	EndGlobalSection
	GlobalSection(ExtensibilityGlobals) = postSolution
		SolutionGuid = {834430D2-F29E-4B92-BCCB-858BE77442A9}
	EndGlobalSection
EndGlobal
